
Microsoft Visual Studio Solution File, Format Version 12.00
# Visual Studio Version 16
VisualStudioVersion = 16.0.31112.23
MinimumVisualStudioVersion = 10.0.40219.1
Project("{FAE04EC0-301F-11D3-BF4B-00C04F79EFBC}") = "AspDotNetCoreWithKestrelLesson", "AspDotNetCoreWithKestrelLesson\AspDotNetCoreWithKestrelLesson.csproj", "{E76365F1-35FF-44B6-8A10-8588CCC3C5A7}"
EndProject
Global
	GlobalSection(SolutionConfigurationPlatforms) = preSolution
		Debug|Any CPU = Debug|Any CPU
		Release|Any CPU = Release|Any CPU
	EndGlobalSection
	GlobalSection(ProjectConfigurationPlatforms) = postSolution
		{E76365F1-35FF-44B6-8A10-8588CCC3C5A7}.Debug|Any CPU.ActiveCfg = Debug|Any CPU
		{E76365F1-35FF-44B6-8A10-8588CCC3C5A7}.Debug|Any CPU.Build.0 = Debug|Any CPU
		{E76365F1-35FF-44B6-8A10-8588CCC3C5A7}.Release|Any CPU.ActiveCfg = Release|Any CPU
		{E76365F1-35FF-44B6-8A10-8588CCC3C5A7}.Release|Any CPU.Build.0 = Release|Any CPU
	EndGlobalSection
	GlobalSection(SolutionProperties) = preSolution
		HideSolutionNode = FALSE
	EndGlobalSection
	GlobalSection(ExtensibilityGlobals) = postSolution
		SolutionGuid = {3188CCD0-F506-40A8-A3C6-569C413D7FF2}
	EndGlobalSection
EndGlobal
